{
  "version": 4,
  "terraform_version": "0.12.23",
  "serial": 42,
  "lineage": "a0178e53-9acd-0743-dadf-289f44ca08c7",
  "outputs": {
    "arn_dlq_principal": {
      "value": "arn:aws:sqs:us-east-1:229169531288:DLQ-Principal-dev",
      "type": "string"
    },
    "arn_sns": {
      "value": "arn:aws:sns:us-east-1:229169531288:SNS-dev",
      "type": "string"
    },
    "arn_sqs": {
      "value": "arn:aws:sqs:us-east-1:229169531288:SQS-2-dev",
      "type": "string"
    },
    "arn_sqs_principal": {
      "value": "arn:aws:sqs:us-east-1:229169531288:SQS-Principal-dev",
      "type": "string"
    },
    "url_sqs_principal": {
      "value": "https://sqs.us-east-1.amazonaws.com/229169531288/SQS-Principal-dev",
      "type": "string"
    }
  },
  "resources": [
    {
      "mode": "managed",
      "type": "aws_s3_bucket",
      "name": "b",
      "provider": "provider.aws",
      "instances": [
        {
          "schema_version": 0,
          "attributes": {
            "acceleration_status": "",
            "acl": "private",
            "arn": "arn:aws:s3:::trabalho-final-aoj75-339035",
            "bucket": "trabalho-final-aoj75-339035",
            "bucket_domain_name": "trabalho-final-aoj75-339035.s3.amazonaws.com",
            "bucket_prefix": null,
            "bucket_regional_domain_name": "trabalho-final-aoj75-339035.s3.amazonaws.com",
            "cors_rule": [],
            "force_destroy": false,
            "grant": [],
            "hosted_zone_id": "Z3AQBSTGFYJSTF",
            "id": "trabalho-final-aoj75-339035",
            "lifecycle_rule": [],
            "logging": [],
            "object_lock_configuration": [],
            "policy": null,
            "region": "us-east-1",
            "replication_configuration": [],
            "request_payer": "BucketOwner",
            "server_side_encryption_configuration": [],
            "tags": {
              "Environment": "admin",
              "Name": "trabalho-final-75aoj-339035"
            },
            "versioning": [
              {
                "enabled": false,
                "mfa_delete": false
              }
            ],
            "website": [],
            "website_domain": null,
            "website_endpoint": null
          },
          "private": "bnVsbA=="
        }
      ]
    },
    {
      "mode": "managed",
      "type": "aws_sns_topic",
      "name": "user_updates",
      "provider": "provider.aws",
      "instances": [
        {
          "schema_version": 0,
          "attributes": {
            "application_failure_feedback_role_arn": "",
            "application_success_feedback_role_arn": "",
            "application_success_feedback_sample_rate": null,
            "arn": "arn:aws:sns:us-east-1:229169531288:SNS-dev",
            "delivery_policy": "",
            "display_name": "",
            "http_failure_feedback_role_arn": "",
            "http_success_feedback_role_arn": "",
            "http_success_feedback_sample_rate": null,
            "id": "arn:aws:sns:us-east-1:229169531288:SNS-dev",
            "kms_master_key_id": "",
            "lambda_failure_feedback_role_arn": "",
            "lambda_success_feedback_role_arn": "",
            "lambda_success_feedback_sample_rate": null,
            "name": "SNS-dev",
            "name_prefix": null,
            "policy": "{\"Version\":\"2008-10-17\",\"Id\":\"__default_policy_ID\",\"Statement\":[{\"Sid\":\"__default_statement_ID\",\"Effect\":\"Allow\",\"Principal\":{\"AWS\":\"*\"},\"Action\":[\"SNS:GetTopicAttributes\",\"SNS:SetTopicAttributes\",\"SNS:AddPermission\",\"SNS:RemovePermission\",\"SNS:DeleteTopic\",\"SNS:Subscribe\",\"SNS:ListSubscriptionsByTopic\",\"SNS:Publish\",\"SNS:Receive\"],\"Resource\":\"arn:aws:sns:us-east-1:229169531288:SNS-dev\",\"Condition\":{\"StringEquals\":{\"AWS:SourceOwner\":\"229169531288\"}}}]}",
            "sqs_failure_feedback_role_arn": "",
            "sqs_success_feedback_role_arn": "",
            "sqs_success_feedback_sample_rate": null,
            "tags": null
          },
          "private": "bnVsbA=="
        }
      ]
    },
    {
      "mode": "managed",
      "type": "aws_sqs_queue",
      "name": "terraform_main_queue",
      "provider": "provider.aws",
      "instances": [
        {
          "schema_version": 0,
          "attributes": {
            "arn": "arn:aws:sqs:us-east-1:229169531288:SQS-Principal-dev",
            "content_based_deduplication": false,
            "delay_seconds": 90,
            "fifo_queue": false,
            "id": "https://sqs.us-east-1.amazonaws.com/229169531288/SQS-Principal-dev",
            "kms_data_key_reuse_period_seconds": 300,
            "kms_master_key_id": "",
            "max_message_size": 2048,
            "message_retention_seconds": 86400,
            "name": "SQS-Principal-dev",
            "name_prefix": null,
            "policy": "",
            "receive_wait_time_seconds": 10,
            "redrive_policy": "{\"deadLetterTargetArn\":\"arn:aws:sqs:us-east-1:229169531288:DLQ-Principal-dev\",\"maxReceiveCount\":1}",
            "tags": null,
            "visibility_timeout_seconds": 30
          },
          "private": "bnVsbA==",
          "dependencies": [
            "aws_sqs_queue.terraform_queue_deadletter"
          ]
        }
      ]
    },
    {
      "mode": "managed",
      "type": "aws_sqs_queue",
      "name": "terraform_queue",
      "provider": "provider.aws",
      "instances": [
        {
          "schema_version": 0,
          "attributes": {
            "arn": "arn:aws:sqs:us-east-1:229169531288:SQS-2-dev",
            "content_based_deduplication": false,
            "delay_seconds": 90,
            "fifo_queue": false,
            "id": "https://sqs.us-east-1.amazonaws.com/229169531288/SQS-2-dev",
            "kms_data_key_reuse_period_seconds": 300,
            "kms_master_key_id": "",
            "max_message_size": 2048,
            "message_retention_seconds": 86400,
            "name": "SQS-2-dev",
            "name_prefix": null,
            "policy": "",
            "receive_wait_time_seconds": 10,
            "redrive_policy": "",
            "tags": null,
            "visibility_timeout_seconds": 30
          },
          "private": "bnVsbA=="
        }
      ]
    },
    {
      "mode": "managed",
      "type": "aws_sqs_queue",
      "name": "terraform_queue_deadletter",
      "provider": "provider.aws",
      "instances": [
        {
          "schema_version": 0,
          "attributes": {
            "arn": "arn:aws:sqs:us-east-1:229169531288:DLQ-Principal-dev",
            "content_based_deduplication": false,
            "delay_seconds": 90,
            "fifo_queue": false,
            "id": "https://sqs.us-east-1.amazonaws.com/229169531288/DLQ-Principal-dev",
            "kms_data_key_reuse_period_seconds": 300,
            "kms_master_key_id": "",
            "max_message_size": 2048,
            "message_retention_seconds": 86400,
            "name": "DLQ-Principal-dev",
            "name_prefix": null,
            "policy": "",
            "receive_wait_time_seconds": 10,
            "redrive_policy": "",
            "tags": null,
            "visibility_timeout_seconds": 30
          },
          "private": "bnVsbA=="
        }
      ]
    }
  ]
}
