{
  "version": 4,
  "terraform_version": "0.12.23",
  "serial": 4,
  "lineage": "50d9c83f-469c-ec5a-104a-b669752a896a",
  "outputs": {},
  "resources": [
    {
      "mode": "managed",
      "type": "aws_s3_bucket",
      "name": "b",
      "provider": "provider.aws",
      "instances": [
        {
          "schema_version": 0,
          "attributes": {
            "acceleration_status": "",
            "acl": "private",
            "arn": "arn:aws:s3:::lab-fiap-75aoj-339035",
            "bucket": "lab-fiap-75aoj-339035",
            "bucket_domain_name": "lab-fiap-75aoj-339035.s3.amazonaws.com",
            "bucket_prefix": null,
            "bucket_regional_domain_name": "lab-fiap-75aoj-339035.s3.amazonaws.com",
            "cors_rule": [],
            "force_destroy": false,
            "grant": [],
            "hosted_zone_id": "Z3AQBSTGFYJSTF",
            "id": "lab-fiap-75aoj-339035",
            "lifecycle_rule": [],
            "logging": [],
            "object_lock_configuration": [],
            "policy": null,
            "region": "us-east-1",
            "replication_configuration": [],
            "request_payer": "BucketOwner",
            "server_side_encryption_configuration": [],
            "tags": {
              "Environment": "admin",
              "Name": "lab-fiap-75aoj-339035"
            },
            "versioning": [
              {
                "enabled": false,
                "mfa_delete": false
              }
            ],
            "website": [],
            "website_domain": null,
            "website_endpoint": null
          }
        }
      ]
    }
  ]
}
